
Microsoft Visual Studio Solution File, Format Version 12.00
# Visual Studio Version 16
VisualStudioVersion = 16.0.30611.23
MinimumVisualStudioVersion = 10.0.40219.1
Project("{FAE04EC0-301F-11D3-BF4B-00C04F79EFBC}") = "Helsinki2017", "Helsinki2017\Helsinki2017.csproj", "{0C8314B4-F27C-4605-A4C6-755C45E42EA8}"
EndProject
Global
	GlobalSection(SolutionConfigurationPlatforms) = preSolution
		Debug|Any CPU = Debug|Any CPU
		Release|Any CPU = Release|Any CPU
	EndGlobalSection
	GlobalSection(ProjectConfigurationPlatforms) = postSolution
		{0C8314B4-F27C-4605-A4C6-755C45E42EA8}.Debug|Any CPU.ActiveCfg = Debug|Any CPU
		{0C8314B4-F27C-4605-A4C6-755C45E42EA8}.Debug|Any CPU.Build.0 = Debug|Any CPU
		{0C8314B4-F27C-4605-A4C6-755C45E42EA8}.Release|Any CPU.ActiveCfg = Release|Any CPU
		{0C8314B4-F27C-4605-A4C6-755C45E42EA8}.Release|Any CPU.Build.0 = Release|Any CPU
	EndGlobalSection
	GlobalSection(SolutionProperties) = preSolution
		HideSolutionNode = FALSE
	EndGlobalSection
	GlobalSection(ExtensibilityGlobals) = postSolution
		SolutionGuid = {A1BBC41E-43A8-4036-A6E1-857295C085E7}
	EndGlobalSection
EndGlobal
